
Microsoft Visual Studio Solution File, Format Version 12.00
Project("{FAE04EC0-301F-11D3-BF4B-00C04F79EFBC}") = "TestProject1", "TestProject1\TestProject1.csproj", "{FD3611DC-F0EE-4F95-87AD-B09B1C4A628C}"
EndProject
Project("{FAE04EC0-301F-11D3-BF4B-00C04F79EFBC}") = "DataGenerator", "DataGenerator\DataGenerator.csproj", "{F03367E4-969F-45CB-9568-E100EB31C5F8}"
EndProject
Global
	GlobalSection(SolutionConfigurationPlatforms) = preSolution
		Debug|Any CPU = Debug|Any CPU
		Release|Any CPU = Release|Any CPU
	EndGlobalSection
	GlobalSection(ProjectConfigurationPlatforms) = postSolution
		{FD3611DC-F0EE-4F95-87AD-B09B1C4A628C}.Debug|Any CPU.ActiveCfg = Debug|Any CPU
		{FD3611DC-F0EE-4F95-87AD-B09B1C4A628C}.Debug|Any CPU.Build.0 = Debug|Any CPU
		{FD3611DC-F0EE-4F95-87AD-B09B1C4A628C}.Release|Any CPU.ActiveCfg = Release|Any CPU
		{FD3611DC-F0EE-4F95-87AD-B09B1C4A628C}.Release|Any CPU.Build.0 = Release|Any CPU
		{F03367E4-969F-45CB-9568-E100EB31C5F8}.Debug|Any CPU.ActiveCfg = Debug|Any CPU
		{F03367E4-969F-45CB-9568-E100EB31C5F8}.Debug|Any CPU.Build.0 = Debug|Any CPU
		{F03367E4-969F-45CB-9568-E100EB31C5F8}.Release|Any CPU.ActiveCfg = Release|Any CPU
		{F03367E4-969F-45CB-9568-E100EB31C5F8}.Release|Any CPU.Build.0 = Release|Any CPU
	EndGlobalSection
EndGlobal
